Microsoft Visual Studio Solution File, Format Version 12.00
# Visual Studio Version 17
VisualStudioVersion = 17.5.2.0
MinimumVisualStudioVersion = 10.0.40219.1
Project("{FAE04EC0-301F-11D3-BF4B-00C04F79EFBC}") = "exerc1", "exerc1\exerc1.csproj", "{811AE118-BC69-33B8-82F9-DE34D6D342FB}"
EndProject
Project("{FAE04EC0-301F-11D3-BF4B-00C04F79EFBC}") = "exerc2", "exerc2\exerc2.csproj", "{310B9EB8-89DB-49A7-88F6-317FBE491EB0}"
EndProject
Global
	GlobalSection(SolutionConfigurationPlatforms) = preSolution
		Debug|Any CPU = Debug|Any CPU
		Release|Any CPU = Release|Any CPU
	EndGlobalSection
	GlobalSection(ProjectConfigurationPlatforms) = postSolution
		{811AE118-BC69-33B8-82F9-DE34D6D342FB}.Debug|Any CPU.ActiveCfg = Debug|Any CPU
		{811AE118-BC69-33B8-82F9-DE34D6D342FB}.Debug|Any CPU.Build.0 = Debug|Any CPU
		{811AE118-BC69-33B8-82F9-DE34D6D342FB}.Release|Any CPU.ActiveCfg = Release|Any CPU
		{811AE118-BC69-33B8-82F9-DE34D6D342FB}.Release|Any CPU.Build.0 = Release|Any CPU
		{310B9EB8-89DB-49A7-88F6-317FBE491EB0}.Debug|Any CPU.ActiveCfg = Debug|Any CPU
		{310B9EB8-89DB-49A7-88F6-317FBE491EB0}.Debug|Any CPU.Build.0 = Debug|Any CPU
		{310B9EB8-89DB-49A7-88F6-317FBE491EB0}.Release|Any CPU.ActiveCfg = Release|Any CPU
		{310B9EB8-89DB-49A7-88F6-317FBE491EB0}.Release|Any CPU.Build.0 = Release|Any CPU
	EndGlobalSection
	GlobalSection(SolutionProperties) = preSolution
		HideSolutionNode = FALSE
	EndGlobalSection
	GlobalSection(ExtensibilityGlobals) = postSolution
		SolutionGuid = {9653FB3F-618D-4FDD-9D98-A71A8B9EAF58}
	EndGlobalSection
EndGlobal
